
Microsoft Visual Studio Solution File, Format Version 12.00
# Visual Studio Version 16
VisualStudioVersion = 16.0.30204.135
MinimumVisualStudioVersion = 10.0.40219.1
Project("{8BC9CEB8-8B4A-11D0-8D11-00A0C91BC942}") = "DataStructure_UnsortedArrayList", "DataStructure_UnsortedArrayList.vcxproj", "{1AB93C2A-849F-4C78-B25F-62A6CD53FA7A}"
EndProject
Global
	GlobalSection(SolutionConfigurationPlatforms) = preSolution
		Debug|x64 = Debug|x64
		Debug|x86 = Debug|x86
		Release|x64 = Release|x64
		Release|x86 = Release|x86
	EndGlobalSection
	GlobalSection(ProjectConfigurationPlatforms) = postSolution
		{1AB93C2A-849F-4C78-B25F-62A6CD53FA7A}.Debug|x64.ActiveCfg = Debug|x64
		{1AB93C2A-849F-4C78-B25F-62A6CD53FA7A}.Debug|x64.Build.0 = Debug|x64
		{1AB93C2A-849F-4C78-B25F-62A6CD53FA7A}.Debug|x86.ActiveCfg = Debug|Win32
		{1AB93C2A-849F-4C78-B25F-62A6CD53FA7A}.Debug|x86.Build.0 = Debug|Win32
		{1AB93C2A-849F-4C78-B25F-62A6CD53FA7A}.Release|x64.ActiveCfg = Release|x64
		{1AB93C2A-849F-4C78-B25F-62A6CD53FA7A}.Release|x64.Build.0 = Release|x64
		{1AB93C2A-849F-4C78-B25F-62A6CD53FA7A}.Release|x86.ActiveCfg = Release|Win32
		{1AB93C2A-849F-4C78-B25F-62A6CD53FA7A}.Release|x86.Build.0 = Release|Win32
	EndGlobalSection
	GlobalSection(SolutionProperties) = preSolution
		HideSolutionNode = FALSE
	EndGlobalSection
	GlobalSection(ExtensibilityGlobals) = postSolution
		SolutionGuid = {E8654F77-C56A-4030-BCB3-7C45640B7BB4}
	EndGlobalSection
EndGlobal
