
Microsoft Visual Studio Solution File, Format Version 12.00
# Visual Studio Version 16
VisualStudioVersion = 16.0.30204.135
MinimumVisualStudioVersion = 10.0.40219.1
Project("{8BC9CEB8-8B4A-11D0-8D11-00A0C91BC942}") = "C_1", "C_1.vcxproj", "{E7A57873-EAC0-472A-8F8B-1AF4E4A49931}"
EndProject
Global
	GlobalSection(SolutionConfigurationPlatforms) = preSolution
		Debug|x64 = Debug|x64
		Debug|x86 = Debug|x86
		Release|x64 = Release|x64
		Release|x86 = Release|x86
	EndGlobalSection
	GlobalSection(ProjectConfigurationPlatforms) = postSolution
		{E7A57873-EAC0-472A-8F8B-1AF4E4A49931}.Debug|x64.ActiveCfg = Debug|x64
		{E7A57873-EAC0-472A-8F8B-1AF4E4A49931}.Debug|x64.Build.0 = Debug|x64
		{E7A57873-EAC0-472A-8F8B-1AF4E4A49931}.Debug|x86.ActiveCfg = Debug|Win32
		{E7A57873-EAC0-472A-8F8B-1AF4E4A49931}.Debug|x86.Build.0 = Debug|Win32
		{E7A57873-EAC0-472A-8F8B-1AF4E4A49931}.Release|x64.ActiveCfg = Release|x64
		{E7A57873-EAC0-472A-8F8B-1AF4E4A49931}.Release|x64.Build.0 = Release|x64
		{E7A57873-EAC0-472A-8F8B-1AF4E4A49931}.Release|x86.ActiveCfg = Release|Win32
		{E7A57873-EAC0-472A-8F8B-1AF4E4A49931}.Release|x86.Build.0 = Release|Win32
	EndGlobalSection
	GlobalSection(SolutionProperties) = preSolution
		HideSolutionNode = FALSE
	EndGlobalSection
	GlobalSection(ExtensibilityGlobals) = postSolution
		SolutionGuid = {13301A11-40A7-4280-9320-A8C48A1E3705}
	EndGlobalSection
EndGlobal
