
Microsoft Visual Studio Solution File, Format Version 12.00
# Visual Studio Version 16
VisualStudioVersion = 16.0.31112.23
MinimumVisualStudioVersion = 10.0.40219.1
Project("{FAE04EC0-301F-11D3-BF4B-00C04F79EFBC}") = "cs_first", "cs_first.csproj", "{2043CE68-7111-4865-8F17-B5A2240D5531}"
EndProject
Global
	GlobalSection(SolutionConfigurationPlatforms) = preSolution
		Debug|Any CPU = Debug|Any CPU
		Release|Any CPU = Release|Any CPU
	EndGlobalSection
	GlobalSection(ProjectConfigurationPlatforms) = postSolution
		{2043CE68-7111-4865-8F17-B5A2240D5531}.Debug|Any CPU.ActiveCfg = Debug|Any CPU
		{2043CE68-7111-4865-8F17-B5A2240D5531}.Debug|Any CPU.Build.0 = Debug|Any CPU
		{2043CE68-7111-4865-8F17-B5A2240D5531}.Release|Any CPU.ActiveCfg = Release|Any CPU
		{2043CE68-7111-4865-8F17-B5A2240D5531}.Release|Any CPU.Build.0 = Release|Any CPU
	EndGlobalSection
	GlobalSection(SolutionProperties) = preSolution
		HideSolutionNode = FALSE
	EndGlobalSection
	GlobalSection(ExtensibilityGlobals) = postSolution
		SolutionGuid = {712BAC55-651F-4628-86EE-07784C4653ED}
	EndGlobalSection
EndGlobal
